
Microsoft Visual Studio Solution File, Format Version 12.00
# Visual Studio Version 17
VisualStudioVersion = 17.3.32819.101
MinimumVisualStudioVersion = 10.0.40219.1
Project("{FAE04EC0-301F-11D3-BF4B-00C04F79EFBC}") = "zk-snake-tool", "zk-snake-tool.csproj", "{65FE5242-E07A-482C-BF41-07141C990987}"
EndProject
Global
	GlobalSection(SolutionConfigurationPlatforms) = preSolution
		Debug|Any CPU = Debug|Any CPU
		Release|Any CPU = Release|Any CPU
	EndGlobalSection
	GlobalSection(ProjectConfigurationPlatforms) = postSolution
		{65FE5242-E07A-482C-BF41-07141C990987}.Debug|Any CPU.ActiveCfg = Debug|Any CPU
		{65FE5242-E07A-482C-BF41-07141C990987}.Debug|Any CPU.Build.0 = Debug|Any CPU
		{65FE5242-E07A-482C-BF41-07141C990987}.Release|Any CPU.ActiveCfg = Release|Any CPU
		{65FE5242-E07A-482C-BF41-07141C990987}.Release|Any CPU.Build.0 = Release|Any CPU
	EndGlobalSection
	GlobalSection(SolutionProperties) = preSolution
		HideSolutionNode = FALSE
	EndGlobalSection
	GlobalSection(ExtensibilityGlobals) = postSolution
		SolutionGuid = {708079F2-0445-43EC-AB17-D415AC42FD80}
	EndGlobalSection
EndGlobal
